
Microsoft Visual Studio Solution File, Format Version 12.00
# Visual Studio 2012
Project("{FAE04EC0-301F-11D3-BF4B-00C04F79EFBC}") = "01_RefactorWithGoodNaming", "01_RefactorWithGoodNaming\01_RefactorWithGoodNaming.csproj", "{B42741FA-153F-4ABC-B235-32BF2997C317}"
EndProject
Project("{FAE04EC0-301F-11D3-BF4B-00C04F79EFBC}") = "02_Human", "02_Human\02_Human.csproj", "{6F4F6928-9CC3-4B71-8E29-1AF364EEAA71}"
EndProject
Global
	GlobalSection(SolutionConfigurationPlatforms) = preSolution
		Debug|Any CPU = Debug|Any CPU
		Release|Any CPU = Release|Any CPU
	EndGlobalSection
	GlobalSection(ProjectConfigurationPlatforms) = postSolution
		{B42741FA-153F-4ABC-B235-32BF2997C317}.Debug|Any CPU.ActiveCfg = Debug|Any CPU
		{B42741FA-153F-4ABC-B235-32BF2997C317}.Debug|Any CPU.Build.0 = Debug|Any CPU
		{B42741FA-153F-4ABC-B235-32BF2997C317}.Release|Any CPU.ActiveCfg = Release|Any CPU
		{B42741FA-153F-4ABC-B235-32BF2997C317}.Release|Any CPU.Build.0 = Release|Any CPU
		{6F4F6928-9CC3-4B71-8E29-1AF364EEAA71}.Debug|Any CPU.ActiveCfg = Debug|Any CPU
		{6F4F6928-9CC3-4B71-8E29-1AF364EEAA71}.Debug|Any CPU.Build.0 = Debug|Any CPU
		{6F4F6928-9CC3-4B71-8E29-1AF364EEAA71}.Release|Any CPU.ActiveCfg = Release|Any CPU
		{6F4F6928-9CC3-4B71-8E29-1AF364EEAA71}.Release|Any CPU.Build.0 = Release|Any CPU
	EndGlobalSection
	GlobalSection(SolutionProperties) = preSolution
		HideSolutionNode = FALSE
	EndGlobalSection
EndGlobal
